// !$*UTF8*$!
{
	archiveVersion = 1;
	classes = {
	};
	objectVersion = 50;
	objects = {

/* Begin PBXBuildFile section */
		C606732026641A3E00B1C46C /* FrostyApp.swift in Sources */ = {isa = PBXBuildFile; fileRef = C606731F26641A3E00B1C46C /* FrostyApp.swift */; };
		C606732226641A3E00B1C46C /* MainView.swift in Sources */ = {isa = PBXBuildFile; fileRef = C606732126641A3E00B1C46C /* MainView.swift */; };
		C606732426641A4300B1C46C /* Assets.xcassets in Resources */ = {isa = PBXBuildFile; fileRef = C606732326641A4300B1C46C /* Assets.xcassets */; };
		C606732726641A4300B1C46C /* Preview Assets.xcassets in Resources */ = {isa = PBXBuildFile; fileRef = C606732626641A4300B1C46C /* Preview Assets.xcassets */; };
		C60673302664373B00B1C46C /* Streamer.swift in Sources */ = {isa = PBXBuildFile; fileRef = C606732F2664373B00B1C46C /* Streamer.swift */; };
		C606733426644D8A00B1C46C /* StreamerCardView.swift in Sources */ = {isa = PBXBuildFile; fileRef = C606733326644D8A00B1C46C /* StreamerCardView.swift */; };
		C606733626645B6500B1C46C /* StreamerListView.swift in Sources */ = {isa = PBXBuildFile; fileRef = C606733526645B6500B1C46C /* StreamerListView.swift */; };
		C606733826654DB500B1C46C /* VideoChatView.swift in Sources */ = {isa = PBXBuildFile; fileRef = C606733726654DB400B1C46C /* VideoChatView.swift */; };
		C606733A2665732100B1C46C /* ChatView.swift in Sources */ = {isa = PBXBuildFile; fileRef = C60673392665732100B1C46C /* ChatView.swift */; };
		C606733E2666935800B1C46C /* Authentication.swift in Sources */ = {isa = PBXBuildFile; fileRef = C606733D2666935600B1C46C /* Authentication.swift */; };
		C6363A55266D40E000C47A7E /* VideoView.swift in Sources */ = {isa = PBXBuildFile; fileRef = C6363A54266D40E000C47A7E /* VideoView.swift */; };
		C6363A57266D80C200C47A7E /* TestView.swift in Sources */ = {isa = PBXBuildFile; fileRef = C6363A56266D80C200C47A7E /* TestView.swift */; };
		C672E005266CA9D200737AD6 /* README.md in Resources */ = {isa = PBXBuildFile; fileRef = C672E004266CA9D200737AD6 /* README.md */; };
		C6A6144226697B32003508D8 /* User.swift in Sources */ = {isa = PBXBuildFile; fileRef = C6A6144126697B32003508D8 /* User.swift */; };
		C6A61446266987A0003508D8 /* StreamerListViewModel.swift in Sources */ = {isa = PBXBuildFile; fileRef = C6A61445266987A0003508D8 /* StreamerListViewModel.swift */; };
		C6A6144826698873003508D8 /* Request.swift in Sources */ = {isa = PBXBuildFile; fileRef = C6A6144726698873003508D8 /* Request.swift */; };
		C6A6144E266C44DC003508D8 /* ChatViewModel.swift in Sources */ = {isa = PBXBuildFile; fileRef = C6A6144D266C44DC003508D8 /* ChatViewModel.swift */; };
/* End PBXBuildFile section */

/* Begin PBXFileReference section */
		C606731C26641A3E00B1C46C /* Frosty.app */ = {isa = PBXFileReference; explicitFileType = wrapper.application; includeInIndex = 0; path = Frosty.app; sourceTree = BUILT_PRODUCTS_DIR; };
		C606731F26641A3E00B1C46C /* FrostyApp.swift */ = {isa = PBXFileReference; lastKnownFileType = sourcecode.swift; path = FrostyApp.swift; sourceTree = "<group>"; };
		C606732126641A3E00B1C46C /* MainView.swift */ = {isa = PBXFileReference; lastKnownFileType = sourcecode.swift; path = MainView.swift; sourceTree = "<group>"; };
		C606732326641A4300B1C46C /* Assets.xcassets */ = {isa = PBXFileReference; lastKnownFileType = folder.assetcatalog; path = Assets.xcassets; sourceTree = "<group>"; };
		C606732626641A4300B1C46C /* Preview Assets.xcassets */ = {isa = PBXFileReference; lastKnownFileType = folder.assetcatalog; path = "Preview Assets.xcassets"; sourceTree = "<group>"; };
		C606732826641A4300B1C46C /* Info.plist */ = {isa = PBXFileReference; lastKnownFileType = text.plist.xml; path = Info.plist; sourceTree = "<group>"; };
		C606732F2664373B00B1C46C /* Streamer.swift */ = {isa = PBXFileReference; lastKnownFileType = sourcecode.swift; path = Streamer.swift; sourceTree = "<group>"; };
		C606733326644D8A00B1C46C /* StreamerCardView.swift */ = {isa = PBXFileReference; lastKnownFileType = sourcecode.swift; path = StreamerCardView.swift; sourceTree = "<group>"; };
		C606733526645B6500B1C46C /* StreamerListView.swift */ = {isa = PBXFileReference; lastKnownFileType = sourcecode.swift; path = StreamerListView.swift; sourceTree = "<group>"; };
		C606733726654DB400B1C46C /* VideoChatView.swift */ = {isa = PBXFileReference; lastKnownFileType = sourcecode.swift; path = VideoChatView.swift; sourceTree = "<group>"; };
		C60673392665732100B1C46C /* ChatView.swift */ = {isa = PBXFileReference; lastKnownFileType = sourcecode.swift; path = ChatView.swift; sourceTree = "<group>"; };
		C606733D2666935600B1C46C /* Authentication.swift */ = {isa = PBXFileReference; lastKnownFileType = sourcecode.swift; path = Authentication.swift; sourceTree = "<group>"; };
		C6363A54266D40E000C47A7E /* VideoView.swift */ = {isa = PBXFileReference; lastKnownFileType = sourcecode.swift; path = VideoView.swift; sourceTree = "<group>"; };
		C6363A56266D80C200C47A7E /* TestView.swift */ = {isa = PBXFileReference; lastKnownFileType = sourcecode.swift; path = TestView.swift; sourceTree = "<group>"; };
		C672E004266CA9D200737AD6 /* README.md */ = {isa = PBXFileReference; fileEncoding = 4; lastKnownFileType = net.daringfireball.markdown; path = README.md; sourceTree = "<group>"; };
		C6A6144126697B32003508D8 /* User.swift */ = {isa = PBXFileReference; lastKnownFileType = sourcecode.swift; path = User.swift; sourceTree = "<group>"; };
		C6A61445266987A0003508D8 /* StreamerListViewModel.swift */ = {isa = PBXFileReference; lastKnownFileType = sourcecode.swift; path = StreamerListViewModel.swift; sourceTree = "<group>"; };
		C6A6144726698873003508D8 /* Request.swift */ = {isa = PBXFileReference; lastKnownFileType = sourcecode.swift; path = Request.swift; sourceTree = "<group>"; };
		C6A6144D266C44DC003508D8 /* ChatViewModel.swift */ = {isa = PBXFileReference; lastKnownFileType = sourcecode.swift; path = ChatViewModel.swift; sourceTree = "<group>"; };
/* End PBXFileReference section */

/* Begin PBXFrameworksBuildPhase section */
		C606731926641A3E00B1C46C /* Frameworks */ = {
			isa = PBXFrameworksBuildPhase;
			buildActionMask = 2147483647;
			files = (
			);
			runOnlyForDeploymentPostprocessing = 0;
		};
/* End PBXFrameworksBuildPhase section */

/* Begin PBXGroup section */
		C606731326641A3E00B1C46C = {
			isa = PBXGroup;
			children = (
				C672E004266CA9D200737AD6 /* README.md */,
				C606731E26641A3E00B1C46C /* Frosty */,
				C606731D26641A3E00B1C46C /* Products */,
			);
			sourceTree = "<group>";
		};
		C606731D26641A3E00B1C46C /* Products */ = {
			isa = PBXGroup;
			children = (
				C606731C26641A3E00B1C46C /* Frosty.app */,
			);
			name = Products;
			sourceTree = "<group>";
		};
		C606731E26641A3E00B1C46C /* Frosty */ = {
			isa = PBXGroup;
			children = (
				C606731F26641A3E00B1C46C /* FrostyApp.swift */,
				C6A6144026693543003508D8 /* ViewModels */,
				C606734B26687D1D00B1C46C /* Views */,
				C606732E2664344400B1C46C /* Models */,
				C606732326641A4300B1C46C /* Assets.xcassets */,
				C606732826641A4300B1C46C /* Info.plist */,
				C606732526641A4300B1C46C /* Preview Content */,
			);
			path = Frosty;
			sourceTree = "<group>";
		};
		C606732526641A4300B1C46C /* Preview Content */ = {
			isa = PBXGroup;
			children = (
				C606732626641A4300B1C46C /* Preview Assets.xcassets */,
			);
			path = "Preview Content";
			sourceTree = "<group>";
		};
		C606732E2664344400B1C46C /* Models */ = {
			isa = PBXGroup;
			children = (
				C606732F2664373B00B1C46C /* Streamer.swift */,
				C6A6144126697B32003508D8 /* User.swift */,
				C6A6144726698873003508D8 /* Request.swift */,
			);
			path = Models;
			sourceTree = "<group>";
		};
		C606734B26687D1D00B1C46C /* Views */ = {
			isa = PBXGroup;
			children = (
				C606732126641A3E00B1C46C /* MainView.swift */,
				C606733526645B6500B1C46C /* StreamerListView.swift */,
				C606733326644D8A00B1C46C /* StreamerCardView.swift */,
				C606733726654DB400B1C46C /* VideoChatView.swift */,
				C6363A54266D40E000C47A7E /* VideoView.swift */,
				C60673392665732100B1C46C /* ChatView.swift */,
				C6363A56266D80C200C47A7E /* TestView.swift */,
			);
			path = Views;
			sourceTree = "<group>";
		};
		C6A6144026693543003508D8 /* ViewModels */ = {
			isa = PBXGroup;
			children = (
				C606733D2666935600B1C46C /* Authentication.swift */,
				C6A61445266987A0003508D8 /* StreamerListViewModel.swift */,
				C6A6144D266C44DC003508D8 /* ChatViewModel.swift */,
			);
			path = ViewModels;
			sourceTree = "<group>";
		};
/* End PBXGroup section */

/* Begin PBXNativeTarget section */
		C606731B26641A3E00B1C46C /* Frosty */ = {
			isa = PBXNativeTarget;
			buildConfigurationList = C606732B26641A4300B1C46C /* Build configuration list for PBXNativeTarget "Frosty" */;
			buildPhases = (
				C606731826641A3E00B1C46C /* Sources */,
				C606731926641A3E00B1C46C /* Frameworks */,
				C606731A26641A3E00B1C46C /* Resources */,
			);
			buildRules = (
			);
			dependencies = (
			);
			name = Frosty;
			productName = Frosty;
			productReference = C606731C26641A3E00B1C46C /* Frosty.app */;
			productType = "com.apple.product-type.application";
		};
/* End PBXNativeTarget section */

/* Begin PBXProject section */
		C606731426641A3E00B1C46C /* Project object */ = {
			isa = PBXProject;
			attributes = {
				LastSwiftUpdateCheck = 1250;
				LastUpgradeCheck = 1250;
				TargetAttributes = {
					C606731B26641A3E00B1C46C = {
						CreatedOnToolsVersion = 12.5;
					};
				};
			};
			buildConfigurationList = C606731726641A3E00B1C46C /* Build configuration list for PBXProject "Frosty" */;
			compatibilityVersion = "Xcode 9.3";
			developmentRegion = en;
			hasScannedForEncodings = 0;
			knownRegions = (
				en,
				Base,
			);
			mainGroup = C606731326641A3E00B1C46C;
			productRefGroup = C606731D26641A3E00B1C46C /* Products */;
			projectDirPath = "";
			projectRoot = "";
			targets = (
				C606731B26641A3E00B1C46C /* Frosty */,
			);
		};
/* End PBXProject section */

/* Begin PBXResourcesBuildPhase section */
		C606731A26641A3E00B1C46C /* Resources */ = {
			isa = PBXResourcesBuildPhase;
			buildActionMask = 2147483647;
			files = (
				C672E005266CA9D200737AD6 /* README.md in Resources */,
				C606732726641A4300B1C46C /* Preview Assets.xcassets in Resources */,
				C606732426641A4300B1C46C /* Assets.xcassets in Resources */,
			);
			runOnlyForDeploymentPostprocessing = 0;
		};
/* End PBXResourcesBuildPhase section */

/* Begin PBXSourcesBuildPhase section */
		C606731826641A3E00B1C46C /* Sources */ = {
			isa = PBXSourcesBuildPhase;
			buildActionMask = 2147483647;
			files = (
				C6363A57266D80C200C47A7E /* TestView.swift in Sources */,
				C606733626645B6500B1C46C /* StreamerListView.swift in Sources */,
				C606732226641A3E00B1C46C /* MainView.swift in Sources */,
				C606733826654DB500B1C46C /* VideoChatView.swift in Sources */,
				C606733426644D8A00B1C46C /* StreamerCardView.swift in Sources */,
				C6A6144826698873003508D8 /* Request.swift in Sources */,
				C606733A2665732100B1C46C /* ChatView.swift in Sources */,
				C6A61446266987A0003508D8 /* StreamerListViewModel.swift in Sources */,
				C6A6144E266C44DC003508D8 /* ChatViewModel.swift in Sources */,
				C606732026641A3E00B1C46C /* FrostyApp.swift in Sources */,
				C60673302664373B00B1C46C /* Streamer.swift in Sources */,
				C606733E2666935800B1C46C /* Authentication.swift in Sources */,
				C6A6144226697B32003508D8 /* User.swift in Sources */,
				C6363A55266D40E000C47A7E /* VideoView.swift in Sources */,
			);
			runOnlyForDeploymentPostprocessing = 0;
		};
/* End PBXSourcesBuildPhase section */

/* Begin XCBuildConfiguration section */
		C606732926641A4300B1C46C /* Debug */ = {
			isa = XCBuildConfiguration;
			buildSettings = {
				ALWAYS_SEARCH_USER_PATHS = NO;
				CLANG_ANALYZER_NONNULL = YES;
				CLANG_ANALYZER_NUMBER_OBJECT_CONVERSION = YES_AGGRESSIVE;
				CLANG_CXX_LANGUAGE_STANDARD = "gnu++14";
				CLANG_CXX_LIBRARY = "libc++";
				CLANG_ENABLE_MODULES = YES;
				CLANG_ENABLE_OBJC_ARC = YES;
				CLANG_ENABLE_OBJC_WEAK = YES;
				CLANG_WARN_BLOCK_CAPTURE_AUTORELEASING = YES;
				CLANG_WARN_BOOL_CONVERSION = YES;
				CLANG_WARN_COMMA = YES;
				CLANG_WARN_CONSTANT_CONVERSION = YES;
				CLANG_WARN_DEPRECATED_OBJC_IMPLEMENTATIONS = YES;
				CLANG_WARN_DIRECT_OBJC_ISA_USAGE = YES_ERROR;
				CLANG_WARN_DOCUMENTATION_COMMENTS = YES;
				CLANG_WARN_EMPTY_BODY = YES;
				CLANG_WARN_ENUM_CONVERSION = YES;
				CLANG_WARN_INFINITE_RECURSION = YES;
				CLANG_WARN_INT_CONVERSION = YES;
				CLANG_WARN_NON_LITERAL_NULL_CONVERSION = YES;
				CLANG_WARN_OBJC_IMPLICIT_RETAIN_SELF = YES;
				CLANG_WARN_OBJC_LITERAL_CONVERSION = YES;
				CLANG_WARN_OBJC_ROOT_CLASS = YES_ERROR;
				CLANG_WARN_QUOTED_INCLUDE_IN_FRAMEWORK_HEADER = YES;
				CLANG_WARN_RANGE_LOOP_ANALYSIS = YES;
				CLANG_WARN_STRICT_PROTOTYPES = YES;
				CLANG_WARN_SUSPICIOUS_MOVE = YES;
				CLANG_WARN_UNGUARDED_AVAILABILITY = YES_AGGRESSIVE;
				CLANG_WARN_UNREACHABLE_CODE = YES;
				CLANG_WARN__DUPLICATE_METHOD_MATCH = YES;
				COPY_PHASE_STRIP = NO;
				DEBUG_INFORMATION_FORMAT = dwarf;
				ENABLE_STRICT_OBJC_MSGSEND = YES;
				ENABLE_TESTABILITY = YES;
				GCC_C_LANGUAGE_STANDARD = gnu11;
				GCC_DYNAMIC_NO_PIC = NO;
				GCC_NO_COMMON_BLOCKS = YES;
				GCC_OPTIMIZATION_LEVEL = 0;
				GCC_PREPROCESSOR_DEFINITIONS = (
					"DEBUG=1",
					"$(inherited)",
				);
				GCC_WARN_64_TO_32_BIT_CONVERSION = YES;
				GCC_WARN_ABOUT_RETURN_TYPE = YES_ERROR;
				GCC_WARN_UNDECLARED_SELECTOR = YES;
				GCC_WARN_UNINITIALIZED_AUTOS = YES_AGGRESSIVE;
				GCC_WARN_UNUSED_FUNCTION = YES;
				GCC_WARN_UNUSED_VARIABLE = YES;
				IPHONEOS_DEPLOYMENT_TARGET = 14.5;
				MTL_ENABLE_DEBUG_INFO = INCLUDE_SOURCE;
				MTL_FAST_MATH = YES;
				ONLY_ACTIVE_ARCH = YES;
				SDKROOT = iphoneos;
				SWIFT_ACTIVE_COMPILATION_CONDITIONS = DEBUG;
				SWIFT_OPTIMIZATION_LEVEL = "-Onone";
			};
			name = Debug;
		};
		C606732A26641A4300B1C46C /* Release */ = {
			isa = XCBuildConfiguration;
			buildSettings = {
				ALWAYS_SEARCH_USER_PATHS = NO;
				CLANG_ANALYZER_NONNULL = YES;
				CLANG_ANALYZER_NUMBER_OBJECT_CONVERSION = YES_AGGRESSIVE;
				CLANG_CXX_LANGUAGE_STANDARD = "gnu++14";
				CLANG_CXX_LIBRARY = "libc++";
				CLANG_ENABLE_MODULES = YES;
				CLANG_ENABLE_OBJC_ARC = YES;
				CLANG_ENABLE_OBJC_WEAK = YES;
				CLANG_WARN_BLOCK_CAPTURE_AUTORELEASING = YES;
				CLANG_WARN_BOOL_CONVERSION = YES;
				CLANG_WARN_COMMA = YES;
				CLANG_WARN_CONSTANT_CONVERSION = YES;
				CLANG_WARN_DEPRECATED_OBJC_IMPLEMENTATIONS = YES;
				CLANG_WARN_DIRECT_OBJC_ISA_USAGE = YES_ERROR;
				CLANG_WARN_DOCUMENTATION_COMMENTS = YES;
				CLANG_WARN_EMPTY_BODY = YES;
				CLANG_WARN_ENUM_CONVERSION = YES;
				CLANG_WARN_INFINITE_RECURSION = YES;
				CLANG_WARN_INT_CONVERSION = YES;
				CLANG_WARN_NON_LITERAL_NULL_CONVERSION = YES;
				CLANG_WARN_OBJC_IMPLICIT_RETAIN_SELF = YES;
				CLANG_WARN_OBJC_LITERAL_CONVERSION = YES;
				CLANG_WARN_OBJC_ROOT_CLASS = YES_ERROR;
				CLANG_WARN_QUOTED_INCLUDE_IN_FRAMEWORK_HEADER = YES;
				CLANG_WARN_RANGE_LOOP_ANALYSIS = YES;
				CLANG_WARN_STRICT_PROTOTYPES = YES;
				CLANG_WARN_SUSPICIOUS_MOVE = YES;
				CLANG_WARN_UNGUARDED_AVAILABILITY = YES_AGGRESSIVE;
				CLANG_WARN_UNREACHABLE_CODE = YES;
				CLANG_WARN__DUPLICATE_METHOD_MATCH = YES;
				COPY_PHASE_STRIP = NO;
				DEBUG_INFORMATION_FORMAT = "dwarf-with-dsym";
				ENABLE_NS_ASSERTIONS = NO;
				ENABLE_STRICT_OBJC_MSGSEND = YES;
				GCC_C_LANGUAGE_STANDARD = gnu11;
				GCC_NO_COMMON_BLOCKS = YES;
				GCC_WARN_64_TO_32_BIT_CONVERSION = YES;
				GCC_WARN_ABOUT_RETURN_TYPE = YES_ERROR;
				GCC_WARN_UNDECLARED_SELECTOR = YES;
				GCC_WARN_UNINITIALIZED_AUTOS = YES_AGGRESSIVE;
				GCC_WARN_UNUSED_FUNCTION = YES;
				GCC_WARN_UNUSED_VARIABLE = YES;
				IPHONEOS_DEPLOYMENT_TARGET = 14.5;
				MTL_ENABLE_DEBUG_INFO = NO;
				MTL_FAST_MATH = YES;
				SDKROOT = iphoneos;
				SWIFT_COMPILATION_MODE = wholemodule;
				SWIFT_OPTIMIZATION_LEVEL = "-O";
				VALIDATE_PRODUCT = YES;
			};
			name = Release;
		};
		C606732C26641A4300B1C46C /* Debug */ = {
			isa = XCBuildConfiguration;
			buildSettings = {
				ASSETCATALOG_COMPILER_APPICON_NAME = AppIcon;
				ASSETCATALOG_COMPILER_GLOBAL_ACCENT_COLOR_NAME = AccentColor;
				CODE_SIGN_STYLE = Automatic;
				DEVELOPMENT_ASSET_PATHS = "\"Frosty/Preview Content\"";
				ENABLE_PREVIEWS = YES;
				INFOPLIST_FILE = Frosty/Info.plist;
				IPHONEOS_DEPLOYMENT_TARGET = 14.0;
				LD_RUNPATH_SEARCH_PATHS = (
					"$(inherited)",
					"@executable_path/Frameworks",
				);
				PRODUCT_BUNDLE_IDENTIFIER = com.tommychow.Frosty;
				PRODUCT_NAME = "$(TARGET_NAME)";
				SWIFT_VERSION = 5.0;
				TARGETED_DEVICE_FAMILY = "1,2";
			};
			name = Debug;
		};
		C606732D26641A4300B1C46C /* Release */ = {
			isa = XCBuildConfiguration;
			buildSettings = {
				ASSETCATALOG_COMPILER_APPICON_NAME = AppIcon;
				ASSETCATALOG_COMPILER_GLOBAL_ACCENT_COLOR_NAME = AccentColor;
				CODE_SIGN_STYLE = Automatic;
				DEVELOPMENT_ASSET_PATHS = "\"Frosty/Preview Content\"";
				ENABLE_PREVIEWS = YES;
				INFOPLIST_FILE = Frosty/Info.plist;
				IPHONEOS_DEPLOYMENT_TARGET = 14.0;
				LD_RUNPATH_SEARCH_PATHS = (
					"$(inherited)",
					"@executable_path/Frameworks",
				);
				PRODUCT_BUNDLE_IDENTIFIER = com.tommychow.Frosty;
				PRODUCT_NAME = "$(TARGET_NAME)";
				SWIFT_VERSION = 5.0;
				TARGETED_DEVICE_FAMILY = "1,2";
			};
			name = Release;
		};
/* End XCBuildConfiguration section */

/* Begin XCConfigurationList section */
		C606731726641A3E00B1C46C /* Build configuration list for PBXProject "Frosty" */ = {
			isa = XCConfigurationList;
			buildConfigurations = (
				C606732926641A4300B1C46C /* Debug */,
				C606732A26641A4300B1C46C /* Release */,
			);
			defaultConfigurationIsVisible = 0;
			defaultConfigurationName = Release;
		};
		C606732B26641A4300B1C46C /* Build configuration list for PBXNativeTarget "Frosty" */ = {
			isa = XCConfigurationList;
			buildConfigurations = (
				C606732C26641A4300B1C46C /* Debug */,
				C606732D26641A4300B1C46C /* Release */,
			);
			defaultConfigurationIsVisible = 0;
			defaultConfigurationName = Release;
		};
/* End XCConfigurationList section */
	};
	rootObject = C606731426641A3E00B1C46C /* Project object */;
}
